// !$*UTF8*$!
{
	archiveVersion = 1;
	classes = {
	};
	objectVersion = 48;
	objects = {

/* Begin PBXBuildFile section */
		240B7AD620326D06005959AB /* BrightFutures.framework in Frameworks */ = {isa = PBXBuildFile; fileRef = 240B7AC920326C63005959AB /* BrightFutures.framework */; };
		240B7AD720326D09005959AB /* Result.framework in Frameworks */ = {isa = PBXBuildFile; fileRef = 240B7ACD20326C6E005959AB /* Result.framework */; };
		240B7AD92032D9E8005959AB /* BrightFutures.framework in Frameworks */ = {isa = PBXBuildFile; fileRef = 240B7AC920326C63005959AB /* BrightFutures.framework */; };
		240B7ADA2032D9EC005959AB /* Result.framework in Frameworks */ = {isa = PBXBuildFile; fileRef = 240B7ACD20326C6E005959AB /* Result.framework */; };
		240B7ADC2033FA18005959AB /* NetworkCategoryRepoTest.swift in Sources */ = {isa = PBXBuildFile; fileRef = 240B7ADB2033FA18005959AB /* NetworkCategoryRepoTest.swift */; };
		2453F2A7202D8C3F00322017 /* CategoryRepo.swift in Sources */ = {isa = PBXBuildFile; fileRef = 2453F2A6202D8C3F00322017 /* CategoryRepo.swift */; };
		2453F2A9202D8C7300322017 /* NetworkCategoryRepo.swift in Sources */ = {isa = PBXBuildFile; fileRef = 2453F2A8202D8C7300322017 /* NetworkCategoryRepo.swift */; };
		2453F2AB202D8D1300322017 /* SuccessStubCategoryRepo.swift in Sources */ = {isa = PBXBuildFile; fileRef = 2453F2AA202D8D1300322017 /* SuccessStubCategoryRepo.swift */; };
		248D364A202D71F5000C4EF3 /* Category.swift in Sources */ = {isa = PBXBuildFile; fileRef = 248D3649202D71F5000C4EF3 /* Category.swift */; };
		248D3650202D7F5D000C4EF3 /* CategoryListViewControllerTest.swift in Sources */ = {isa = PBXBuildFile; fileRef = 248D364F202D7F5D000C4EF3 /* CategoryListViewControllerTest.swift */; };
		248D3653202D8A74000C4EF3 /* DummyRouter.swift in Sources */ = {isa = PBXBuildFile; fileRef = 248D3652202D8A74000C4EF3 /* DummyRouter.swift */; };
		249DD905200F5263006031A1 /* AppDelegate.swift in Sources */ = {isa = PBXBuildFile; fileRef = 249DD904200F5263006031A1 /* AppDelegate.swift */; };
		249DD90A200F5263006031A1 /* Main.storyboard in Resources */ = {isa = PBXBuildFile; fileRef = 249DD908200F5263006031A1 /* Main.storyboard */; };
		249DD90C200F5263006031A1 /* Assets.xcassets in Resources */ = {isa = PBXBuildFile; fileRef = 249DD90B200F5263006031A1 /* Assets.xcassets */; };
		249DD90F200F5263006031A1 /* LaunchScreen.storyboard in Resources */ = {isa = PBXBuildFile; fileRef = 249DD90D200F5263006031A1 /* LaunchScreen.storyboard */; };
		249DD926200F52E1006031A1 /* Router.swift in Sources */ = {isa = PBXBuildFile; fileRef = 249DD925200F52E1006031A1 /* Router.swift */; };
		249DD928200F5327006031A1 /* NavigationRouter.swift in Sources */ = {isa = PBXBuildFile; fileRef = 249DD927200F5327006031A1 /* NavigationRouter.swift */; };
		249DD92B200F53DB006031A1 /* CategoryListViewController.swift in Sources */ = {isa = PBXBuildFile; fileRef = 249DD92A200F53DB006031A1 /* CategoryListViewController.swift */; };
/* End PBXBuildFile section */

/* Begin PBXContainerItemProxy section */
		249DD916200F5263006031A1 /* PBXContainerItemProxy */ = {
			isa = PBXContainerItemProxy;
			containerPortal = 249DD8F9200F5263006031A1 /* Project object */;
			proxyType = 1;
			remoteGlobalIDString = 249DD900200F5263006031A1;
			remoteInfo = lunchFinderIOS;
		};
/* End PBXContainerItemProxy section */

/* Begin PBXFileReference section */
		240B7AC920326C63005959AB /* BrightFutures.framework */ = {isa = PBXFileReference; lastKnownFileType = wrapper.framework; name = BrightFutures.framework; path = Carthage/Build/iOS/BrightFutures.framework; sourceTree = "<group>"; };
		240B7ACD20326C6E005959AB /* Result.framework */ = {isa = PBXFileReference; lastKnownFileType = wrapper.framework; name = Result.framework; path = Carthage/Build/iOS/Result.framework; sourceTree = "<group>"; };
		240B7AD120326CD7005959AB /* BrightFutures.framework.dSYM */ = {isa = PBXFileReference; lastKnownFileType = wrapper.dsym; name = BrightFutures.framework.dSYM; path = Carthage/Build/iOS/BrightFutures.framework.dSYM; sourceTree = "<group>"; };
		240B7AD320326CDD005959AB /* Result.framework.dSYM */ = {isa = PBXFileReference; lastKnownFileType = wrapper.dsym; name = Result.framework.dSYM; path = Carthage/Build/iOS/Result.framework.dSYM; sourceTree = "<group>"; };
		240B7ADB2033FA18005959AB /* NetworkCategoryRepoTest.swift */ = {isa = PBXFileReference; lastKnownFileType = sourcecode.swift; path = NetworkCategoryRepoTest.swift; sourceTree = "<group>"; };
		2453F2A6202D8C3F00322017 /* CategoryRepo.swift */ = {isa = PBXFileReference; lastKnownFileType = sourcecode.swift; path = CategoryRepo.swift; sourceTree = "<group>"; };
		2453F2A8202D8C7300322017 /* NetworkCategoryRepo.swift */ = {isa = PBXFileReference; lastKnownFileType = sourcecode.swift; path = NetworkCategoryRepo.swift; sourceTree = "<group>"; };
		2453F2AA202D8D1300322017 /* SuccessStubCategoryRepo.swift */ = {isa = PBXFileReference; lastKnownFileType = sourcecode.swift; path = SuccessStubCategoryRepo.swift; sourceTree = "<group>"; };
		248D3649202D71F5000C4EF3 /* Category.swift */ = {isa = PBXFileReference; lastKnownFileType = sourcecode.swift; path = Category.swift; sourceTree = "<group>"; };
		248D364F202D7F5D000C4EF3 /* CategoryListViewControllerTest.swift */ = {isa = PBXFileReference; lastKnownFileType = sourcecode.swift; path = CategoryListViewControllerTest.swift; sourceTree = "<group>"; };
		248D3652202D8A74000C4EF3 /* DummyRouter.swift */ = {isa = PBXFileReference; lastKnownFileType = sourcecode.swift; path = DummyRouter.swift; sourceTree = "<group>"; };
		249DD901200F5263006031A1 /* lunchFinderIOS.app */ = {isa = PBXFileReference; explicitFileType = wrapper.application; includeInIndex = 0; path = lunchFinderIOS.app; sourceTree = BUILT_PRODUCTS_DIR; };
		249DD904200F5263006031A1 /* AppDelegate.swift */ = {isa = PBXFileReference; lastKnownFileType = sourcecode.swift; path = AppDelegate.swift; sourceTree = "<group>"; };
		249DD909200F5263006031A1 /* Base */ = {isa = PBXFileReference; lastKnownFileType = file.storyboard; name = Base; path = Base.lproj/Main.storyboard; sourceTree = "<group>"; };
		249DD90B200F5263006031A1 /* Assets.xcassets */ = {isa = PBXFileReference; lastKnownFileType = folder.assetcatalog; path = Assets.xcassets; sourceTree = "<group>"; };
		249DD90E200F5263006031A1 /* Base */ = {isa = PBXFileReference; lastKnownFileType = file.storyboard; name = Base; path = Base.lproj/LaunchScreen.storyboard; sourceTree = "<group>"; };
		249DD910200F5263006031A1 /* Info.plist */ = {isa = PBXFileReference; lastKnownFileType = text.plist.xml; path = Info.plist; sourceTree = "<group>"; };
		249DD915200F5263006031A1 /* lunchFinderIOSTests.xctest */ = {isa = PBXFileReference; explicitFileType = wrapper.cfbundle; includeInIndex = 0; path = lunchFinderIOSTests.xctest; sourceTree = BUILT_PRODUCTS_DIR; };
		249DD91B200F5263006031A1 /* Info.plist */ = {isa = PBXFileReference; lastKnownFileType = text.plist.xml; path = Info.plist; sourceTree = "<group>"; };
		249DD925200F52E1006031A1 /* Router.swift */ = {isa = PBXFileReference; lastKnownFileType = sourcecode.swift; path = Router.swift; sourceTree = "<group>"; };
		249DD927200F5327006031A1 /* NavigationRouter.swift */ = {isa = PBXFileReference; lastKnownFileType = sourcecode.swift; path = NavigationRouter.swift; sourceTree = "<group>"; };
		249DD92A200F53DB006031A1 /* CategoryListViewController.swift */ = {isa = PBXFileReference; lastKnownFileType = sourcecode.swift; path = CategoryListViewController.swift; sourceTree = "<group>"; };
/* End PBXFileReference section */

/* Begin PBXFrameworksBuildPhase section */
		249DD8FE200F5263006031A1 /* Frameworks */ = {
			isa = PBXFrameworksBuildPhase;
			buildActionMask = 2147483647;
			files = (
				240B7AD620326D06005959AB /* BrightFutures.framework in Frameworks */,
				240B7AD720326D09005959AB /* Result.framework in Frameworks */,
			);
			runOnlyForDeploymentPostprocessing = 0;
		};
		249DD912200F5263006031A1 /* Frameworks */ = {
			isa = PBXFrameworksBuildPhase;
			buildActionMask = 2147483647;
			files = (
				240B7AD92032D9E8005959AB /* BrightFutures.framework in Frameworks */,
				240B7ADA2032D9EC005959AB /* Result.framework in Frameworks */,
			);
			runOnlyForDeploymentPostprocessing = 0;
		};
/* End PBXFrameworksBuildPhase section */

/* Begin PBXGroup section */
		240B7AD520326D06005959AB /* Frameworks */ = {
			isa = PBXGroup;
			children = (
			);
			name = Frameworks;
			sourceTree = "<group>";
		};
		248D364E202D7F06000C4EF3 /* Category */ = {
			isa = PBXGroup;
			children = (
				248D364F202D7F5D000C4EF3 /* CategoryListViewControllerTest.swift */,
				2453F2AA202D8D1300322017 /* SuccessStubCategoryRepo.swift */,
				240B7ADB2033FA18005959AB /* NetworkCategoryRepoTest.swift */,
			);
			path = Category;
			sourceTree = "<group>";
		};
		248D3651202D8A1F000C4EF3 /* Navigation */ = {
			isa = PBXGroup;
			children = (
				248D3652202D8A74000C4EF3 /* DummyRouter.swift */,
			);
			path = Navigation;
			sourceTree = "<group>";
		};
		249DD8F8200F5263006031A1 = {
			isa = PBXGroup;
			children = (
				240B7AD320326CDD005959AB /* Result.framework.dSYM */,
				240B7AD120326CD7005959AB /* BrightFutures.framework.dSYM */,
				240B7ACD20326C6E005959AB /* Result.framework */,
				240B7AC920326C63005959AB /* BrightFutures.framework */,
				249DD903200F5263006031A1 /* lunchFinderIOS */,
				249DD918200F5263006031A1 /* lunchFinderIOSTests */,
				249DD902200F5263006031A1 /* Products */,
				240B7AD520326D06005959AB /* Frameworks */,
			);
			sourceTree = "<group>";
		};
		249DD902200F5263006031A1 /* Products */ = {
			isa = PBXGroup;
			children = (
				249DD901200F5263006031A1 /* lunchFinderIOS.app */,
				249DD915200F5263006031A1 /* lunchFinderIOSTests.xctest */,
			);
			name = Products;
			sourceTree = "<group>";
		};
		249DD903200F5263006031A1 /* lunchFinderIOS */ = {
			isa = PBXGroup;
			children = (
				249DD929200F53BF006031A1 /* Category */,
				249DD924200F52D0006031A1 /* Navigation */,
				249DD904200F5263006031A1 /* AppDelegate.swift */,
				249DD908200F5263006031A1 /* Main.storyboard */,
				249DD90B200F5263006031A1 /* Assets.xcassets */,
				249DD90D200F5263006031A1 /* LaunchScreen.storyboard */,
				249DD910200F5263006031A1 /* Info.plist */,
			);
			path = lunchFinderIOS;
			sourceTree = "<group>";
		};
		249DD918200F5263006031A1 /* lunchFinderIOSTests */ = {
			isa = PBXGroup;
			children = (
				248D3651202D8A1F000C4EF3 /* Navigation */,
				248D364E202D7F06000C4EF3 /* Category */,
				249DD91B200F5263006031A1 /* Info.plist */,
			);
			path = lunchFinderIOSTests;
			sourceTree = "<group>";
		};
		249DD924200F52D0006031A1 /* Navigation */ = {
			isa = PBXGroup;
			children = (
				249DD925200F52E1006031A1 /* Router.swift */,
				249DD927200F5327006031A1 /* NavigationRouter.swift */,
			);
			path = Navigation;
			sourceTree = "<group>";
		};
		249DD929200F53BF006031A1 /* Category */ = {
			isa = PBXGroup;
			children = (
				249DD92A200F53DB006031A1 /* CategoryListViewController.swift */,
				248D3649202D71F5000C4EF3 /* Category.swift */,
				2453F2A6202D8C3F00322017 /* CategoryRepo.swift */,
				2453F2A8202D8C7300322017 /* NetworkCategoryRepo.swift */,
			);
			path = Category;
			sourceTree = "<group>";
		};
/* End PBXGroup section */

/* Begin PBXNativeTarget section */
		249DD900200F5263006031A1 /* lunchFinderIOS */ = {
			isa = PBXNativeTarget;
			buildConfigurationList = 249DD91E200F5263006031A1 /* Build configuration list for PBXNativeTarget "lunchFinderIOS" */;
			buildPhases = (
				249DD8FD200F5263006031A1 /* Sources */,
				249DD8FE200F5263006031A1 /* Frameworks */,
				249DD8FF200F5263006031A1 /* Resources */,
				240B7AD820326D3A005959AB /* ShellScript */,
			);
			buildRules = (
			);
			dependencies = (
			);
			name = lunchFinderIOS;
			productName = lunchFinderIOS;
			productReference = 249DD901200F5263006031A1 /* lunchFinderIOS.app */;
			productType = "com.apple.product-type.application";
		};
		249DD914200F5263006031A1 /* lunchFinderIOSTests */ = {
			isa = PBXNativeTarget;
			buildConfigurationList = 249DD921200F5263006031A1 /* Build configuration list for PBXNativeTarget "lunchFinderIOSTests" */;
			buildPhases = (
				249DD911200F5263006031A1 /* Sources */,
				249DD912200F5263006031A1 /* Frameworks */,
				249DD913200F5263006031A1 /* Resources */,
			);
			buildRules = (
			);
			dependencies = (
				249DD917200F5263006031A1 /* PBXTargetDependency */,
			);
			name = lunchFinderIOSTests;
			productName = lunchFinderIOSTests;
			productReference = 249DD915200F5263006031A1 /* lunchFinderIOSTests.xctest */;
			productType = "com.apple.product-type.bundle.unit-test";
		};
/* End PBXNativeTarget section */

/* Begin PBXProject section */
		249DD8F9200F5263006031A1 /* Project object */ = {
			isa = PBXProject;
			attributes = {
				LastSwiftUpdateCheck = 0920;
				LastUpgradeCheck = 0920;
				ORGANIZATIONNAME = "ichizo umehara";
				TargetAttributes = {
					249DD900200F5263006031A1 = {
						CreatedOnToolsVersion = 9.2;
						ProvisioningStyle = Automatic;
					};
					249DD914200F5263006031A1 = {
						CreatedOnToolsVersion = 9.2;
						LastSwiftMigration = 0920;
						ProvisioningStyle = Automatic;
						TestTargetID = 249DD900200F5263006031A1;
					};
				};
			};
			buildConfigurationList = 249DD8FC200F5263006031A1 /* Build configuration list for PBXProject "lunchFinderIOS" */;
			compatibilityVersion = "Xcode 8.0";
			developmentRegion = en;
			hasScannedForEncodings = 0;
			knownRegions = (
				en,
				Base,
			);
			mainGroup = 249DD8F8200F5263006031A1;
			productRefGroup = 249DD902200F5263006031A1 /* Products */;
			projectDirPath = "";
			projectRoot = "";
			targets = (
				249DD900200F5263006031A1 /* lunchFinderIOS */,
				249DD914200F5263006031A1 /* lunchFinderIOSTests */,
			);
		};
/* End PBXProject section */

/* Begin PBXResourcesBuildPhase section */
		249DD8FF200F5263006031A1 /* Resources */ = {
			isa = PBXResourcesBuildPhase;
			buildActionMask = 2147483647;
			files = (
				249DD90F200F5263006031A1 /* LaunchScreen.storyboard in Resources */,
				249DD90C200F5263006031A1 /* Assets.xcassets in Resources */,
				249DD90A200F5263006031A1 /* Main.storyboard in Resources */,
			);
			runOnlyForDeploymentPostprocessing = 0;
		};
		249DD913200F5263006031A1 /* Resources */ = {
			isa = PBXResourcesBuildPhase;
			buildActionMask = 2147483647;
			files = (
			);
			runOnlyForDeploymentPostprocessing = 0;
		};
/* End PBXResourcesBuildPhase section */

/* Begin PBXShellScriptBuildPhase section */
		240B7AD820326D3A005959AB /* ShellScript */ = {
			isa = PBXShellScriptBuildPhase;
			buildActionMask = 2147483647;
			files = (
			);
			inputPaths = (
				"$(SRCROOT)/Carthage/Build/iOS/Result.framework",
				"$(SRCROOT)/Carthage/Build/iOS/BrightFutures.framework",
			);
			outputPaths = (
				"$(DERIVED_FILE_DIR)/Carthage/Build/iOS/Result.framework",
				"$(DERIVED_FILE_DIR)/Carthage/Build/iOS/BrightFutures.framework",
			);
			runOnlyForDeploymentPostprocessing = 0;
			shellPath = /bin/sh;
			shellScript = "/usr/local/bin/carthage copy-frameworks";
		};
/* End PBXShellScriptBuildPhase section */

/* Begin PBXSourcesBuildPhase section */
		249DD8FD200F5263006031A1 /* Sources */ = {
			isa = PBXSourcesBuildPhase;
			buildActionMask = 2147483647;
			files = (
				249DD92B200F53DB006031A1 /* CategoryListViewController.swift in Sources */,
				249DD926200F52E1006031A1 /* Router.swift in Sources */,
				249DD928200F5327006031A1 /* NavigationRouter.swift in Sources */,
				249DD905200F5263006031A1 /* AppDelegate.swift in Sources */,
				2453F2A9202D8C7300322017 /* NetworkCategoryRepo.swift in Sources */,
				248D364A202D71F5000C4EF3 /* Category.swift in Sources */,
				2453F2A7202D8C3F00322017 /* CategoryRepo.swift in Sources */,
			);
			runOnlyForDeploymentPostprocessing = 0;
		};
		249DD911200F5263006031A1 /* Sources */ = {
			isa = PBXSourcesBuildPhase;
			buildActionMask = 2147483647;
			files = (
				2453F2AB202D8D1300322017 /* SuccessStubCategoryRepo.swift in Sources */,
				248D3650202D7F5D000C4EF3 /* CategoryListViewControllerTest.swift in Sources */,
				240B7ADC2033FA18005959AB /* NetworkCategoryRepoTest.swift in Sources */,
				248D3653202D8A74000C4EF3 /* DummyRouter.swift in Sources */,
			);
			runOnlyForDeploymentPostprocessing = 0;
		};
/* End PBXSourcesBuildPhase section */

/* Begin PBXTargetDependency section */
		249DD917200F5263006031A1 /* PBXTargetDependency */ = {
			isa = PBXTargetDependency;
			target = 249DD900200F5263006031A1 /* lunchFinderIOS */;
			targetProxy = 249DD916200F5263006031A1 /* PBXContainerItemProxy */;
		};
/* End PBXTargetDependency section */

/* Begin PBXVariantGroup section */
		249DD908200F5263006031A1 /* Main.storyboard */ = {
			isa = PBXVariantGroup;
			children = (
				249DD909200F5263006031A1 /* Base */,
			);
			name = Main.storyboard;
			sourceTree = "<group>";
		};
		249DD90D200F5263006031A1 /* LaunchScreen.storyboard */ = {
			isa = PBXVariantGroup;
			children = (
				249DD90E200F5263006031A1 /* Base */,
			);
			name = LaunchScreen.storyboard;
			sourceTree = "<group>";
		};
/* End PBXVariantGroup section */

/* Begin XCBuildConfiguration section */
		249DD91C200F5263006031A1 /* Debug */ = {
			isa = XCBuildConfiguration;
			buildSettings = {
				ALWAYS_SEARCH_USER_PATHS = NO;
				CLANG_ANALYZER_NONNULL = YES;
				CLANG_ANALYZER_NUMBER_OBJECT_CONVERSION = YES_AGGRESSIVE;
				CLANG_CXX_LANGUAGE_STANDARD = "gnu++14";
				CLANG_CXX_LIBRARY = "libc++";
				CLANG_ENABLE_MODULES = YES;
				CLANG_ENABLE_OBJC_ARC = YES;
				CLANG_WARN_BLOCK_CAPTURE_AUTORELEASING = YES;
				CLANG_WARN_BOOL_CONVERSION = YES;
				CLANG_WARN_COMMA = YES;
				CLANG_WARN_CONSTANT_CONVERSION = YES;
				CLANG_WARN_DIRECT_OBJC_ISA_USAGE = YES_ERROR;
				CLANG_WARN_DOCUMENTATION_COMMENTS = YES;
				CLANG_WARN_EMPTY_BODY = YES;
				CLANG_WARN_ENUM_CONVERSION = YES;
				CLANG_WARN_INFINITE_RECURSION = YES;
				CLANG_WARN_INT_CONVERSION = YES;
				CLANG_WARN_NON_LITERAL_NULL_CONVERSION = YES;
				CLANG_WARN_OBJC_LITERAL_CONVERSION = YES;
				CLANG_WARN_OBJC_ROOT_CLASS = YES_ERROR;
				CLANG_WARN_RANGE_LOOP_ANALYSIS = YES;
				CLANG_WARN_STRICT_PROTOTYPES = YES;
				CLANG_WARN_SUSPICIOUS_MOVE = YES;
				CLANG_WARN_UNGUARDED_AVAILABILITY = YES_AGGRESSIVE;
				CLANG_WARN_UNREACHABLE_CODE = YES;
				CLANG_WARN__DUPLICATE_METHOD_MATCH = YES;
				CODE_SIGN_IDENTITY = "iPhone Developer";
				COPY_PHASE_STRIP = NO;
				DEBUG_INFORMATION_FORMAT = dwarf;
				ENABLE_STRICT_OBJC_MSGSEND = YES;
				ENABLE_TESTABILITY = YES;
				GCC_C_LANGUAGE_STANDARD = gnu11;
				GCC_DYNAMIC_NO_PIC = NO;
				GCC_NO_COMMON_BLOCKS = YES;
				GCC_OPTIMIZATION_LEVEL = 0;
				GCC_PREPROCESSOR_DEFINITIONS = (
					"DEBUG=1",
					"$(inherited)",
				);
				GCC_WARN_64_TO_32_BIT_CONVERSION = YES;
				GCC_WARN_ABOUT_RETURN_TYPE = YES_ERROR;
				GCC_WARN_UNDECLARED_SELECTOR = YES;
				GCC_WARN_UNINITIALIZED_AUTOS = YES_AGGRESSIVE;
				GCC_WARN_UNUSED_FUNCTION = YES;
				GCC_WARN_UNUSED_VARIABLE = YES;
				IPHONEOS_DEPLOYMENT_TARGET = 11.2;
				MTL_ENABLE_DEBUG_INFO = YES;
				ONLY_ACTIVE_ARCH = YES;
				SDKROOT = iphoneos;
				SWIFT_ACTIVE_COMPILATION_CONDITIONS = DEBUG;
				SWIFT_OPTIMIZATION_LEVEL = "-Onone";
			};
			name = Debug;
		};
		249DD91D200F5263006031A1 /* Release */ = {
			isa = XCBuildConfiguration;
			buildSettings = {
				ALWAYS_SEARCH_USER_PATHS = NO;
				CLANG_ANALYZER_NONNULL = YES;
				CLANG_ANALYZER_NUMBER_OBJECT_CONVERSION = YES_AGGRESSIVE;
				CLANG_CXX_LANGUAGE_STANDARD = "gnu++14";
				CLANG_CXX_LIBRARY = "libc++";
				CLANG_ENABLE_MODULES = YES;
				CLANG_ENABLE_OBJC_ARC = YES;
				CLANG_WARN_BLOCK_CAPTURE_AUTORELEASING = YES;
				CLANG_WARN_BOOL_CONVERSION = YES;
				CLANG_WARN_COMMA = YES;
				CLANG_WARN_CONSTANT_CONVERSION = YES;
				CLANG_WARN_DIRECT_OBJC_ISA_USAGE = YES_ERROR;
				CLANG_WARN_DOCUMENTATION_COMMENTS = YES;
				CLANG_WARN_EMPTY_BODY = YES;
				CLANG_WARN_ENUM_CONVERSION = YES;
				CLANG_WARN_INFINITE_RECURSION = YES;
				CLANG_WARN_INT_CONVERSION = YES;
				CLANG_WARN_NON_LITERAL_NULL_CONVERSION = YES;
				CLANG_WARN_OBJC_LITERAL_CONVERSION = YES;
				CLANG_WARN_OBJC_ROOT_CLASS = YES_ERROR;
				CLANG_WARN_RANGE_LOOP_ANALYSIS = YES;
				CLANG_WARN_STRICT_PROTOTYPES = YES;
				CLANG_WARN_SUSPICIOUS_MOVE = YES;
				CLANG_WARN_UNGUARDED_AVAILABILITY = YES_AGGRESSIVE;
				CLANG_WARN_UNREACHABLE_CODE = YES;
				CLANG_WARN__DUPLICATE_METHOD_MATCH = YES;
				CODE_SIGN_IDENTITY = "iPhone Developer";
				COPY_PHASE_STRIP = NO;
				DEBUG_INFORMATION_FORMAT = "dwarf-with-dsym";
				ENABLE_NS_ASSERTIONS = NO;
				ENABLE_STRICT_OBJC_MSGSEND = YES;
				GCC_C_LANGUAGE_STANDARD = gnu11;
				GCC_NO_COMMON_BLOCKS = YES;
				GCC_WARN_64_TO_32_BIT_CONVERSION = YES;
				GCC_WARN_ABOUT_RETURN_TYPE = YES_ERROR;
				GCC_WARN_UNDECLARED_SELECTOR = YES;
				GCC_WARN_UNINITIALIZED_AUTOS = YES_AGGRESSIVE;
				GCC_WARN_UNUSED_FUNCTION = YES;
				GCC_WARN_UNUSED_VARIABLE = YES;
				IPHONEOS_DEPLOYMENT_TARGET = 11.2;
				MTL_ENABLE_DEBUG_INFO = NO;
				SDKROOT = iphoneos;
				SWIFT_OPTIMIZATION_LEVEL = "-Owholemodule";
				VALIDATE_PRODUCT = YES;
			};
			name = Release;
		};
		249DD91F200F5263006031A1 /* Debug */ = {
			isa = XCBuildConfiguration;
			buildSettings = {
				ASSETCATALOG_COMPILER_APPICON_NAME = AppIcon;
				CODE_SIGN_STYLE = Automatic;
				DEVELOPMENT_TEAM = PBB9GZ72D8;
				FRAMEWORK_SEARCH_PATHS = (
					"$(inherited)",
					"$(PROJECT_DIR)/Carthage/Build/iOS",
				);
				INFOPLIST_FILE = lunchFinderIOS/Info.plist;
				LD_RUNPATH_SEARCH_PATHS = "$(inherited) @executable_path/Frameworks";
				PRODUCT_BUNDLE_IDENTIFIER = umehara.lunchFinderIOS;
				PRODUCT_NAME = "$(TARGET_NAME)";
				SWIFT_VERSION = 4.0;
				TARGETED_DEVICE_FAMILY = "1,2";
			};
			name = Debug;
		};
		249DD920200F5263006031A1 /* Release */ = {
			isa = XCBuildConfiguration;
			buildSettings = {
				ASSETCATALOG_COMPILER_APPICON_NAME = AppIcon;
				CODE_SIGN_STYLE = Automatic;
				DEVELOPMENT_TEAM = PBB9GZ72D8;
				FRAMEWORK_SEARCH_PATHS = (
					"$(inherited)",
					"$(PROJECT_DIR)/Carthage/Build/iOS",
				);
				INFOPLIST_FILE = lunchFinderIOS/Info.plist;
				LD_RUNPATH_SEARCH_PATHS = "$(inherited) @executable_path/Frameworks";
				PRODUCT_BUNDLE_IDENTIFIER = umehara.lunchFinderIOS;
				PRODUCT_NAME = "$(TARGET_NAME)";
				SWIFT_VERSION = 4.0;
				TARGETED_DEVICE_FAMILY = "1,2";
			};
			name = Release;
		};
		249DD922200F5263006031A1 /* Debug */ = {
			isa = XCBuildConfiguration;
			buildSettings = {
				ALWAYS_EMBED_SWIFT_STANDARD_LIBRARIES = YES;
				BUNDLE_LOADER = "$(TEST_HOST)";
				CLANG_ENABLE_MODULES = YES;
				CODE_SIGN_STYLE = Automatic;
				DEVELOPMENT_TEAM = PBB9GZ72D8;
				FRAMEWORK_SEARCH_PATHS = (
					"$(inherited)",
					"$(PROJECT_DIR)/Carthage/Build/iOS",
				);
				INFOPLIST_FILE = lunchFinderIOSTests/Info.plist;
				LD_RUNPATH_SEARCH_PATHS = "$(inherited) @executable_path/Frameworks @loader_path/Frameworks";
				PRODUCT_BUNDLE_IDENTIFIER = umehara.lunchFinderIOSTests;
				PRODUCT_NAME = "$(TARGET_NAME)";
				SWIFT_OPTIMIZATION_LEVEL = "-Onone";
				SWIFT_VERSION = 4.0;
				TARGETED_DEVICE_FAMILY = "1,2";
				TEST_HOST = "$(BUILT_PRODUCTS_DIR)/lunchFinderIOS.app/lunchFinderIOS";
			};
			name = Debug;
		};
		249DD923200F5263006031A1 /* Release */ = {
			isa = XCBuildConfiguration;
			buildSettings = {
				ALWAYS_EMBED_SWIFT_STANDARD_LIBRARIES = YES;
				BUNDLE_LOADER = "$(TEST_HOST)";
				CLANG_ENABLE_MODULES = YES;
				CODE_SIGN_STYLE = Automatic;
				DEVELOPMENT_TEAM = PBB9GZ72D8;
				FRAMEWORK_SEARCH_PATHS = (
					"$(inherited)",
					"$(PROJECT_DIR)/Carthage/Build/iOS",
				);
				INFOPLIST_FILE = lunchFinderIOSTests/Info.plist;
				LD_RUNPATH_SEARCH_PATHS = "$(inherited) @executable_path/Frameworks @loader_path/Frameworks";
				PRODUCT_BUNDLE_IDENTIFIER = umehara.lunchFinderIOSTests;
				PRODUCT_NAME = "$(TARGET_NAME)";
				SWIFT_VERSION = 4.0;
				TARGETED_DEVICE_FAMILY = "1,2";
				TEST_HOST = "$(BUILT_PRODUCTS_DIR)/lunchFinderIOS.app/lunchFinderIOS";
			};
			name = Release;
		};
/* End XCBuildConfiguration section */

/* Begin XCConfigurationList section */
		249DD8FC200F5263006031A1 /* Build configuration list for PBXProject "lunchFinderIOS" */ = {
			isa = XCConfigurationList;
			buildConfigurations = (
				249DD91C200F5263006031A1 /* Debug */,
				249DD91D200F5263006031A1 /* Release */,
			);
			defaultConfigurationIsVisible = 0;
			defaultConfigurationName = Release;
		};
		249DD91E200F5263006031A1 /* Build configuration list for PBXNativeTarget "lunchFinderIOS" */ = {
			isa = XCConfigurationList;
			buildConfigurations = (
				249DD91F200F5263006031A1 /* Debug */,
				249DD920200F5263006031A1 /* Release */,
			);
			defaultConfigurationIsVisible = 0;
			defaultConfigurationName = Release;
		};
		249DD921200F5263006031A1 /* Build configuration list for PBXNativeTarget "lunchFinderIOSTests" */ = {
			isa = XCConfigurationList;
			buildConfigurations = (
				249DD922200F5263006031A1 /* Debug */,
				249DD923200F5263006031A1 /* Release */,
			);
			defaultConfigurationIsVisible = 0;
			defaultConfigurationName = Release;
		};
/* End XCConfigurationList section */
	};
	rootObject = 249DD8F9200F5263006031A1 /* Project object */;
}
